
Microsoft Visual Studio Solution File, Format Version 12.00
# Visual Studio Version 16
VisualStudioVersion = 16.0.29709.97
MinimumVisualStudioVersion = 10.0.40219.1
Project("{FAE04EC0-301F-11D3-BF4B-00C04F79EFBC}") = "LagerSystem", "LagerSystem.csproj", "{14543D11-98B8-4FA3-87FA-C90F8AC55188}"
EndProject
Global
	GlobalSection(SolutionConfigurationPlatforms) = preSolution
		Debug|Any CPU = Debug|Any CPU
		Release|Any CPU = Release|Any CPU
	EndGlobalSection
	GlobalSection(ProjectConfigurationPlatforms) = postSolution
		{14543D11-98B8-4FA3-87FA-C90F8AC55188}.Debug|Any CPU.ActiveCfg = Debug|Any CPU
		{14543D11-98B8-4FA3-87FA-C90F8AC55188}.Debug|Any CPU.Build.0 = Debug|Any CPU
		{14543D11-98B8-4FA3-87FA-C90F8AC55188}.Release|Any CPU.ActiveCfg = Release|Any CPU
		{14543D11-98B8-4FA3-87FA-C90F8AC55188}.Release|Any CPU.Build.0 = Release|Any CPU
	EndGlobalSection
	GlobalSection(SolutionProperties) = preSolution
		HideSolutionNode = FALSE
	EndGlobalSection
	GlobalSection(ExtensibilityGlobals) = postSolution
		SolutionGuid = {7D99703A-C27E-45F2-9EE1-57ED0AA4DCD4}
	EndGlobalSection
EndGlobal
